
Microsoft Visual Studio Solution File, Format Version 12.00
# Visual Studio Version 17
VisualStudioVersion = 17.2.32616.157
MinimumVisualStudioVersion = 10.0.40219.1
Project("{FAE04EC0-301F-11D3-BF4B-00C04F79EFBC}") = "Student Information Display", "Student Information Display.csproj", "{6567D351-9C6A-4D42-B193-18A0DC721696}"
EndProject
Global
	GlobalSection(SolutionConfigurationPlatforms) = preSolution
		Debug|Any CPU = Debug|Any CPU
		Release|Any CPU = Release|Any CPU
	EndGlobalSection
	GlobalSection(ProjectConfigurationPlatforms) = postSolution
		{6567D351-9C6A-4D42-B193-18A0DC721696}.Debug|Any CPU.ActiveCfg = Debug|Any CPU
		{6567D351-9C6A-4D42-B193-18A0DC721696}.Debug|Any CPU.Build.0 = Debug|Any CPU
		{6567D351-9C6A-4D42-B193-18A0DC721696}.Release|Any CPU.ActiveCfg = Release|Any CPU
		{6567D351-9C6A-4D42-B193-18A0DC721696}.Release|Any CPU.Build.0 = Release|Any CPU
	EndGlobalSection
	GlobalSection(SolutionProperties) = preSolution
		HideSolutionNode = FALSE
	EndGlobalSection
	GlobalSection(ExtensibilityGlobals) = postSolution
		SolutionGuid = {197CA11B-88F4-4B94-8830-1AC9B94585AD}
	EndGlobalSection
EndGlobal
